
Microsoft Visual Studio Solution File, Format Version 12.00
# Visual Studio Version 17
VisualStudioVersion = 17.4.33103.184
MinimumVisualStudioVersion = 10.0.40219.1
Project("{FAE04EC0-301F-11D3-BF4B-00C04F79EFBC}") = "Hospital_Management", "Hospital_Management\Hospital_Management.csproj", "{1F2CAC34-8FE2-4820-97ED-3A8524702011}"
EndProject
Global
	GlobalSection(SolutionConfigurationPlatforms) = preSolution
		Debug|Any CPU = Debug|Any CPU
		Release|Any CPU = Release|Any CPU
	EndGlobalSection
	GlobalSection(ProjectConfigurationPlatforms) = postSolution
		{1F2CAC34-8FE2-4820-97ED-3A8524702011}.Debug|Any CPU.ActiveCfg = Debug|Any CPU
		{1F2CAC34-8FE2-4820-97ED-3A8524702011}.Debug|Any CPU.Build.0 = Debug|Any CPU
		{1F2CAC34-8FE2-4820-97ED-3A8524702011}.Release|Any CPU.ActiveCfg = Release|Any CPU
		{1F2CAC34-8FE2-4820-97ED-3A8524702011}.Release|Any CPU.Build.0 = Release|Any CPU
	EndGlobalSection
	GlobalSection(SolutionProperties) = preSolution
		HideSolutionNode = FALSE
	EndGlobalSection
	GlobalSection(ExtensibilityGlobals) = postSolution
		SolutionGuid = {D44568D2-5B59-4559-B796-85BAE31BA1EA}
	EndGlobalSection
EndGlobal
